
Microsoft Visual Studio Solution File, Format Version 12.00
# Visual Studio Version 17
VisualStudioVersion = 17.13.35818.85 d17.13
MinimumVisualStudioVersion = 10.0.40219.1
Project("{FAE04EC0-301F-11D3-BF4B-00C04F79EFBC}") = "practice-LINQ", "practice-LINQ\practice-LINQ.csproj", "{8C994313-817D-4F9B-9D77-F7FBF55ED3FE}"
EndProject
Global
	GlobalSection(SolutionConfigurationPlatforms) = preSolution
		Debug|Any CPU = Debug|Any CPU
		Release|Any CPU = Release|Any CPU
	EndGlobalSection
	GlobalSection(ProjectConfigurationPlatforms) = postSolution
		{8C994313-817D-4F9B-9D77-F7FBF55ED3FE}.Debug|Any CPU.ActiveCfg = Debug|Any CPU
		{8C994313-817D-4F9B-9D77-F7FBF55ED3FE}.Debug|Any CPU.Build.0 = Debug|Any CPU
		{8C994313-817D-4F9B-9D77-F7FBF55ED3FE}.Release|Any CPU.ActiveCfg = Release|Any CPU
		{8C994313-817D-4F9B-9D77-F7FBF55ED3FE}.Release|Any CPU.Build.0 = Release|Any CPU
	EndGlobalSection
	GlobalSection(SolutionProperties) = preSolution
		HideSolutionNode = FALSE
	EndGlobalSection
	GlobalSection(ExtensibilityGlobals) = postSolution
		SolutionGuid = {100A10D5-7AEC-4C80-8CBE-78703CB84189}
	EndGlobalSection
EndGlobal
